
Microsoft Visual Studio Solution File, Format Version 12.00
# Visual Studio Version 17
VisualStudioVersion = 17.9.34728.123
MinimumVisualStudioVersion = 10.0.40219.1
Project("{9A19103F-16F7-4668-BE54-9A1E7A4F7556}") = "BlazorCRUDWebsite", "BlazorCRUDWebsite\BlazorCRUDWebsite.csproj", "{03195428-56C9-441A-A5E6-9BA274843DC6}"
EndProject
Global
	GlobalSection(SolutionConfigurationPlatforms) = preSolution
		Debug|Any CPU = Debug|Any CPU
		Release|Any CPU = Release|Any CPU
	EndGlobalSection
	GlobalSection(ProjectConfigurationPlatforms) = postSolution
		{03195428-56C9-441A-A5E6-9BA274843DC6}.Debug|Any CPU.ActiveCfg = Debug|Any CPU
		{03195428-56C9-441A-A5E6-9BA274843DC6}.Debug|Any CPU.Build.0 = Debug|Any CPU
		{03195428-56C9-441A-A5E6-9BA274843DC6}.Release|Any CPU.ActiveCfg = Release|Any CPU
		{03195428-56C9-441A-A5E6-9BA274843DC6}.Release|Any CPU.Build.0 = Release|Any CPU
	EndGlobalSection
	GlobalSection(SolutionProperties) = preSolution
		HideSolutionNode = FALSE
	EndGlobalSection
	GlobalSection(ExtensibilityGlobals) = postSolution
		SolutionGuid = {596E32D9-DAD1-4467-AC50-FDF15222FFF8}
	EndGlobalSection
EndGlobal
